
Microsoft Visual Studio Solution File, Format Version 12.00
# Visual Studio Version 16
VisualStudioVersion = 16.0.30709.132
MinimumVisualStudioVersion = 10.0.40219.1
Project("{9A19103F-16F7-4668-BE54-9A1E7A4F7556}") = "ZSM-ZarzadzanieStanemMagazynowym", "ZSM-ZarzadzanieStanemMagazynowym\ZSM-ZarzadzanieStanemMagazynowym.csproj", "{F02CA214-B4AA-4936-B633-CC09C462E6A5}"
EndProject
Project("{9A19103F-16F7-4668-BE54-9A1E7A4F7556}") = "Wspolne", "Wspolne\Wspolne.csproj", "{A67A991B-8BD6-4020-95BA-1C60BBAAF54B}"
EndProject
Project("{FAE04EC0-301F-11D3-BF4B-00C04F79EFBC}") = "ZSM-Android.Android", "ZSM-Android\ZSM-Android.Android\ZSM-Android.Android.csproj", "{7BCEA0EF-615C-4E84-8EE3-6D4D9AAB71AB}"
EndProject
Project("{9A19103F-16F7-4668-BE54-9A1E7A4F7556}") = "ZSM-Android", "ZSM-Android\ZSM-Android\ZSM-Android.csproj", "{E02867C2-64FA-4D7C-9B63-B14597AD7955}"
EndProject
Project("{FAE04EC0-301F-11D3-BF4B-00C04F79EFBC}") = "ZSM-Serwer", "ZSM-Serwer\ZSM-Serwer.csproj", "{9DBFF5F4-F211-4B5D-9894-C47911E1425E}"
EndProject
Global
	GlobalSection(SolutionConfigurationPlatforms) = preSolution
		Debug|Any CPU = Debug|Any CPU
		Release|Any CPU = Release|Any CPU
	EndGlobalSection
	GlobalSection(ProjectConfigurationPlatforms) = postSolution
		{F02CA214-B4AA-4936-B633-CC09C462E6A5}.Debug|Any CPU.ActiveCfg = Debug|Any CPU
		{F02CA214-B4AA-4936-B633-CC09C462E6A5}.Debug|Any CPU.Build.0 = Debug|Any CPU
		{F02CA214-B4AA-4936-B633-CC09C462E6A5}.Release|Any CPU.ActiveCfg = Release|Any CPU
		{F02CA214-B4AA-4936-B633-CC09C462E6A5}.Release|Any CPU.Build.0 = Release|Any CPU
		{A67A991B-8BD6-4020-95BA-1C60BBAAF54B}.Debug|Any CPU.ActiveCfg = Debug|Any CPU
		{A67A991B-8BD6-4020-95BA-1C60BBAAF54B}.Debug|Any CPU.Build.0 = Debug|Any CPU
		{A67A991B-8BD6-4020-95BA-1C60BBAAF54B}.Release|Any CPU.ActiveCfg = Release|Any CPU
		{A67A991B-8BD6-4020-95BA-1C60BBAAF54B}.Release|Any CPU.Build.0 = Release|Any CPU
		{7BCEA0EF-615C-4E84-8EE3-6D4D9AAB71AB}.Debug|Any CPU.ActiveCfg = Debug|Any CPU
		{7BCEA0EF-615C-4E84-8EE3-6D4D9AAB71AB}.Debug|Any CPU.Build.0 = Debug|Any CPU
		{7BCEA0EF-615C-4E84-8EE3-6D4D9AAB71AB}.Debug|Any CPU.Deploy.0 = Debug|Any CPU
		{7BCEA0EF-615C-4E84-8EE3-6D4D9AAB71AB}.Release|Any CPU.ActiveCfg = Release|Any CPU
		{7BCEA0EF-615C-4E84-8EE3-6D4D9AAB71AB}.Release|Any CPU.Build.0 = Release|Any CPU
		{7BCEA0EF-615C-4E84-8EE3-6D4D9AAB71AB}.Release|Any CPU.Deploy.0 = Release|Any CPU
		{E02867C2-64FA-4D7C-9B63-B14597AD7955}.Debug|Any CPU.ActiveCfg = Debug|Any CPU
		{E02867C2-64FA-4D7C-9B63-B14597AD7955}.Debug|Any CPU.Build.0 = Debug|Any CPU
		{E02867C2-64FA-4D7C-9B63-B14597AD7955}.Release|Any CPU.ActiveCfg = Release|Any CPU
		{E02867C2-64FA-4D7C-9B63-B14597AD7955}.Release|Any CPU.Build.0 = Release|Any CPU
		{9DBFF5F4-F211-4B5D-9894-C47911E1425E}.Debug|Any CPU.ActiveCfg = Debug|Any CPU
		{9DBFF5F4-F211-4B5D-9894-C47911E1425E}.Debug|Any CPU.Build.0 = Debug|Any CPU
		{9DBFF5F4-F211-4B5D-9894-C47911E1425E}.Release|Any CPU.ActiveCfg = Release|Any CPU
		{9DBFF5F4-F211-4B5D-9894-C47911E1425E}.Release|Any CPU.Build.0 = Release|Any CPU
	EndGlobalSection
	GlobalSection(SolutionProperties) = preSolution
		HideSolutionNode = FALSE
	EndGlobalSection
	GlobalSection(ExtensibilityGlobals) = postSolution
		SolutionGuid = {37BC7C99-03ED-409B-A408-7712743853C5}
	EndGlobalSection
EndGlobal
